
Microsoft Visual Studio Solution File, Format Version 12.00
# Visual Studio 2013
VisualStudioVersion = 12.0.30723.0
MinimumVisualStudioVersion = 10.0.40219.1
Project("{FAE04EC0-301F-11D3-BF4B-00C04F79EFBC}") = "RDLCReportRunner", "RDLCReportRunner\RDLCReportRunner.csproj", "{35DD5513-FD1B-4E86-AC00-F9FAF3C13E26}"
EndProject
Project("{FAE04EC0-301F-11D3-BF4B-00C04F79EFBC}") = "ReportRunner", "ReportRunner\ReportRunner.csproj", "{16C10D35-6FC2-422A-A541-4CE945CAB8B7}"
EndProject
Global
	GlobalSection(SolutionConfigurationPlatforms) = preSolution
		Debug|Any CPU = Debug|Any CPU
		Release|Any CPU = Release|Any CPU
	EndGlobalSection
	GlobalSection(ProjectConfigurationPlatforms) = postSolution
		{35DD5513-FD1B-4E86-AC00-F9FAF3C13E26}.Debug|Any CPU.ActiveCfg = Debug|Any CPU
		{35DD5513-FD1B-4E86-AC00-F9FAF3C13E26}.Debug|Any CPU.Build.0 = Debug|Any CPU
		{35DD5513-FD1B-4E86-AC00-F9FAF3C13E26}.Release|Any CPU.ActiveCfg = Release|Any CPU
		{35DD5513-FD1B-4E86-AC00-F9FAF3C13E26}.Release|Any CPU.Build.0 = Release|Any CPU
		{16C10D35-6FC2-422A-A541-4CE945CAB8B7}.Debug|Any CPU.ActiveCfg = Debug|Any CPU
		{16C10D35-6FC2-422A-A541-4CE945CAB8B7}.Debug|Any CPU.Build.0 = Debug|Any CPU
		{16C10D35-6FC2-422A-A541-4CE945CAB8B7}.Release|Any CPU.ActiveCfg = Release|Any CPU
		{16C10D35-6FC2-422A-A541-4CE945CAB8B7}.Release|Any CPU.Build.0 = Release|Any CPU
	EndGlobalSection
	GlobalSection(SolutionProperties) = preSolution
		HideSolutionNode = FALSE
	EndGlobalSection
EndGlobal
